
Microsoft Visual Studio Solution File, Format Version 12.00
# Visual Studio 15
VisualStudioVersion = 15.0.28307.329
MinimumVisualStudioVersion = 10.0.40219.1
Project("{FAE04EC0-301F-11D3-BF4B-00C04F79EFBC}") = "Palmtree.Math.MyComplex", "Palmtree.Math.MyComplex\Palmtree.Math.MyComplex.csproj", "{596288B4-6017-4C19-BB61-7CC825C62AA9}"
EndProject
Project("{8BC9CEB8-8B4A-11D0-8D11-00A0C91BC942}") = "Palmtree.Math.Core.Internal.MyComplex", "Palmtree.Math.Core.Internal.MyComplex\Palmtree.Math.Core.Internal.MyComplex.vcxproj", "{7C127918-8BD7-4289-A094-A267454E8A88}"
EndProject
Project("{8BC9CEB8-8B4A-11D0-8D11-00A0C91BC942}") = "Palmtree.Math.Core.MyComplex", "Palmtree.Math.Core.MyComplex\Palmtree.Math.Core.MyComplex.vcxproj", "{C03EA771-354C-49D9-975A-CBA7F0083562}"
EndProject
Project("{FAE04EC0-301F-11D3-BF4B-00C04F79EFBC}") = "Palmtree.Math.Launcher", "Palmtree.Math.Launcher\Palmtree.Math.Launcher.csproj", "{C90298DC-514D-4E62-8FF9-BDE3838506ED}"
EndProject
Global
	GlobalSection(SolutionConfigurationPlatforms) = preSolution
		Debug|Any CPU = Debug|Any CPU
		Debug|x64 = Debug|x64
		Debug|x86 = Debug|x86
		Release|Any CPU = Release|Any CPU
		Release|x64 = Release|x64
		Release|x86 = Release|x86
	EndGlobalSection
	GlobalSection(ProjectConfigurationPlatforms) = postSolution
		{596288B4-6017-4C19-BB61-7CC825C62AA9}.Debug|Any CPU.ActiveCfg = Debug|Any CPU
		{596288B4-6017-4C19-BB61-7CC825C62AA9}.Debug|Any CPU.Build.0 = Debug|Any CPU
		{596288B4-6017-4C19-BB61-7CC825C62AA9}.Debug|x64.ActiveCfg = Debug|Any CPU
		{596288B4-6017-4C19-BB61-7CC825C62AA9}.Debug|x64.Build.0 = Debug|Any CPU
		{596288B4-6017-4C19-BB61-7CC825C62AA9}.Debug|x86.ActiveCfg = Debug|Any CPU
		{596288B4-6017-4C19-BB61-7CC825C62AA9}.Debug|x86.Build.0 = Debug|Any CPU
		{596288B4-6017-4C19-BB61-7CC825C62AA9}.Release|Any CPU.ActiveCfg = Release|Any CPU
		{596288B4-6017-4C19-BB61-7CC825C62AA9}.Release|Any CPU.Build.0 = Release|Any CPU
		{596288B4-6017-4C19-BB61-7CC825C62AA9}.Release|x64.ActiveCfg = Release|Any CPU
		{596288B4-6017-4C19-BB61-7CC825C62AA9}.Release|x64.Build.0 = Release|Any CPU
		{596288B4-6017-4C19-BB61-7CC825C62AA9}.Release|x86.ActiveCfg = Release|Any CPU
		{596288B4-6017-4C19-BB61-7CC825C62AA9}.Release|x86.Build.0 = Release|Any CPU
		{7C127918-8BD7-4289-A094-A267454E8A88}.Debug|Any CPU.ActiveCfg = Debug|Win32
		{7C127918-8BD7-4289-A094-A267454E8A88}.Debug|x64.ActiveCfg = Debug|x64
		{7C127918-8BD7-4289-A094-A267454E8A88}.Debug|x64.Build.0 = Debug|x64
		{7C127918-8BD7-4289-A094-A267454E8A88}.Debug|x86.ActiveCfg = Debug|Win32
		{7C127918-8BD7-4289-A094-A267454E8A88}.Debug|x86.Build.0 = Debug|Win32
		{7C127918-8BD7-4289-A094-A267454E8A88}.Release|Any CPU.ActiveCfg = Release|Win32
		{7C127918-8BD7-4289-A094-A267454E8A88}.Release|x64.ActiveCfg = Release|x64
		{7C127918-8BD7-4289-A094-A267454E8A88}.Release|x64.Build.0 = Release|x64
		{7C127918-8BD7-4289-A094-A267454E8A88}.Release|x86.ActiveCfg = Release|Win32
		{7C127918-8BD7-4289-A094-A267454E8A88}.Release|x86.Build.0 = Release|Win32
		{C03EA771-354C-49D9-975A-CBA7F0083562}.Debug|Any CPU.ActiveCfg = Debug|Win32
		{C03EA771-354C-49D9-975A-CBA7F0083562}.Debug|x64.ActiveCfg = Debug|x64
		{C03EA771-354C-49D9-975A-CBA7F0083562}.Debug|x64.Build.0 = Debug|x64
		{C03EA771-354C-49D9-975A-CBA7F0083562}.Debug|x86.ActiveCfg = Debug|Win32
		{C03EA771-354C-49D9-975A-CBA7F0083562}.Debug|x86.Build.0 = Debug|Win32
		{C03EA771-354C-49D9-975A-CBA7F0083562}.Release|Any CPU.ActiveCfg = Release|Win32
		{C03EA771-354C-49D9-975A-CBA7F0083562}.Release|x64.ActiveCfg = Release|x64
		{C03EA771-354C-49D9-975A-CBA7F0083562}.Release|x64.Build.0 = Release|x64
		{C03EA771-354C-49D9-975A-CBA7F0083562}.Release|x86.ActiveCfg = Release|Win32
		{C03EA771-354C-49D9-975A-CBA7F0083562}.Release|x86.Build.0 = Release|Win32
		{C90298DC-514D-4E62-8FF9-BDE3838506ED}.Debug|Any CPU.ActiveCfg = Debug|Any CPU
		{C90298DC-514D-4E62-8FF9-BDE3838506ED}.Debug|Any CPU.Build.0 = Debug|Any CPU
		{C90298DC-514D-4E62-8FF9-BDE3838506ED}.Debug|x64.ActiveCfg = Debug|Any CPU
		{C90298DC-514D-4E62-8FF9-BDE3838506ED}.Debug|x64.Build.0 = Debug|Any CPU
		{C90298DC-514D-4E62-8FF9-BDE3838506ED}.Debug|x86.ActiveCfg = Debug|Any CPU
		{C90298DC-514D-4E62-8FF9-BDE3838506ED}.Debug|x86.Build.0 = Debug|Any CPU
		{C90298DC-514D-4E62-8FF9-BDE3838506ED}.Release|Any CPU.ActiveCfg = Release|Any CPU
		{C90298DC-514D-4E62-8FF9-BDE3838506ED}.Release|Any CPU.Build.0 = Release|Any CPU
		{C90298DC-514D-4E62-8FF9-BDE3838506ED}.Release|x64.ActiveCfg = Release|Any CPU
		{C90298DC-514D-4E62-8FF9-BDE3838506ED}.Release|x64.Build.0 = Release|Any CPU
		{C90298DC-514D-4E62-8FF9-BDE3838506ED}.Release|x86.ActiveCfg = Release|Any CPU
		{C90298DC-514D-4E62-8FF9-BDE3838506ED}.Release|x86.Build.0 = Release|Any CPU
	EndGlobalSection
	GlobalSection(SolutionProperties) = preSolution
		HideSolutionNode = FALSE
	EndGlobalSection
	GlobalSection(ExtensibilityGlobals) = postSolution
		SolutionGuid = {E2429C83-DDF7-4039-9855-0496B6F065FC}
	EndGlobalSection
EndGlobal
